
Microsoft Visual Studio Solution File, Format Version 12.00
# Visual Studio Version 17
VisualStudioVersion = 17.7.34221.43
MinimumVisualStudioVersion = 10.0.40219.1
Project("{FAE04EC0-301F-11D3-BF4B-00C04F79EFBC}") = "NumeroPorExtenso", "NumeroPorExtenso.csproj", "{AC0F3708-DABF-4231-918B-1C37E4A48E2E}"
EndProject
Global
	GlobalSection(SolutionConfigurationPlatforms) = preSolution
		Debug|Any CPU = Debug|Any CPU
		Release|Any CPU = Release|Any CPU
	EndGlobalSection
	GlobalSection(ProjectConfigurationPlatforms) = postSolution
		{AC0F3708-DABF-4231-918B-1C37E4A48E2E}.Debug|Any CPU.ActiveCfg = Debug|Any CPU
		{AC0F3708-DABF-4231-918B-1C37E4A48E2E}.Debug|Any CPU.Build.0 = Debug|Any CPU
		{AC0F3708-DABF-4231-918B-1C37E4A48E2E}.Release|Any CPU.ActiveCfg = Release|Any CPU
		{AC0F3708-DABF-4231-918B-1C37E4A48E2E}.Release|Any CPU.Build.0 = Release|Any CPU
	EndGlobalSection
	GlobalSection(SolutionProperties) = preSolution
		HideSolutionNode = FALSE
	EndGlobalSection
	GlobalSection(ExtensibilityGlobals) = postSolution
		SolutionGuid = {BF117F66-911C-4B7D-93C5-2F3D86114272}
	EndGlobalSection
EndGlobal
