
Microsoft Visual Studio Solution File, Format Version 12.00
# Visual Studio Version 17
VisualStudioVersion = 17.6.33712.159
MinimumVisualStudioVersion = 10.0.40219.1
Project("{FAE04EC0-301F-11D3-BF4B-00C04F79EFBC}") = "Ex001", "Ex001\Ex001.csproj", "{52633C33-03E5-4A77-8850-D4337551F09A}"
EndProject
Project("{FAE04EC0-301F-11D3-BF4B-00C04F79EFBC}") = "Ex002", "Ex002\Ex002.csproj", "{96F806AF-EDE9-4F53-A4CD-A5892B3D8BA4}"
EndProject
Project("{FAE04EC0-301F-11D3-BF4B-00C04F79EFBC}") = "Ex003", "Ex003\Ex003.csproj", "{726398F6-68AC-4EF1-AB2B-73EE9081D7AA}"
EndProject
Project("{FAE04EC0-301F-11D3-BF4B-00C04F79EFBC}") = "Ex004", "Ex004\Ex004.csproj", "{6F716D18-3352-44CF-9F9B-61FA30709E40}"
EndProject
Project("{FAE04EC0-301F-11D3-BF4B-00C04F79EFBC}") = "Ex005", "Ex005\Ex005.csproj", "{C4CE8EEB-256C-4FA0-86D9-C5B735B7730B}"
EndProject
Project("{FAE04EC0-301F-11D3-BF4B-00C04F79EFBC}") = "Ex006", "Ex006\Ex006.csproj", "{4DBDA9F8-47A5-44A1-87E4-6436879C5C1C}"
EndProject
Global
	GlobalSection(SolutionConfigurationPlatforms) = preSolution
		Debug|Any CPU = Debug|Any CPU
		Release|Any CPU = Release|Any CPU
	EndGlobalSection
	GlobalSection(ProjectConfigurationPlatforms) = postSolution
		{52633C33-03E5-4A77-8850-D4337551F09A}.Debug|Any CPU.ActiveCfg = Debug|Any CPU
		{52633C33-03E5-4A77-8850-D4337551F09A}.Debug|Any CPU.Build.0 = Debug|Any CPU
		{52633C33-03E5-4A77-8850-D4337551F09A}.Release|Any CPU.ActiveCfg = Release|Any CPU
		{52633C33-03E5-4A77-8850-D4337551F09A}.Release|Any CPU.Build.0 = Release|Any CPU
		{96F806AF-EDE9-4F53-A4CD-A5892B3D8BA4}.Debug|Any CPU.ActiveCfg = Debug|Any CPU
		{96F806AF-EDE9-4F53-A4CD-A5892B3D8BA4}.Debug|Any CPU.Build.0 = Debug|Any CPU
		{96F806AF-EDE9-4F53-A4CD-A5892B3D8BA4}.Release|Any CPU.ActiveCfg = Release|Any CPU
		{96F806AF-EDE9-4F53-A4CD-A5892B3D8BA4}.Release|Any CPU.Build.0 = Release|Any CPU
		{726398F6-68AC-4EF1-AB2B-73EE9081D7AA}.Debug|Any CPU.ActiveCfg = Debug|Any CPU
		{726398F6-68AC-4EF1-AB2B-73EE9081D7AA}.Debug|Any CPU.Build.0 = Debug|Any CPU
		{726398F6-68AC-4EF1-AB2B-73EE9081D7AA}.Release|Any CPU.ActiveCfg = Release|Any CPU
		{726398F6-68AC-4EF1-AB2B-73EE9081D7AA}.Release|Any CPU.Build.0 = Release|Any CPU
		{6F716D18-3352-44CF-9F9B-61FA30709E40}.Debug|Any CPU.ActiveCfg = Debug|Any CPU
		{6F716D18-3352-44CF-9F9B-61FA30709E40}.Debug|Any CPU.Build.0 = Debug|Any CPU
		{6F716D18-3352-44CF-9F9B-61FA30709E40}.Release|Any CPU.ActiveCfg = Release|Any CPU
		{6F716D18-3352-44CF-9F9B-61FA30709E40}.Release|Any CPU.Build.0 = Release|Any CPU
		{C4CE8EEB-256C-4FA0-86D9-C5B735B7730B}.Debug|Any CPU.ActiveCfg = Debug|Any CPU
		{C4CE8EEB-256C-4FA0-86D9-C5B735B7730B}.Debug|Any CPU.Build.0 = Debug|Any CPU
		{C4CE8EEB-256C-4FA0-86D9-C5B735B7730B}.Release|Any CPU.ActiveCfg = Release|Any CPU
		{C4CE8EEB-256C-4FA0-86D9-C5B735B7730B}.Release|Any CPU.Build.0 = Release|Any CPU
		{4DBDA9F8-47A5-44A1-87E4-6436879C5C1C}.Debug|Any CPU.ActiveCfg = Debug|Any CPU
		{4DBDA9F8-47A5-44A1-87E4-6436879C5C1C}.Debug|Any CPU.Build.0 = Debug|Any CPU
		{4DBDA9F8-47A5-44A1-87E4-6436879C5C1C}.Release|Any CPU.ActiveCfg = Release|Any CPU
		{4DBDA9F8-47A5-44A1-87E4-6436879C5C1C}.Release|Any CPU.Build.0 = Release|Any CPU
	EndGlobalSection
	GlobalSection(SolutionProperties) = preSolution
		HideSolutionNode = FALSE
	EndGlobalSection
	GlobalSection(ExtensibilityGlobals) = postSolution
		SolutionGuid = {E5FB8B07-E4CD-46AF-9938-C0C2351FE52D}
	EndGlobalSection
EndGlobal
