
Microsoft Visual Studio Solution File, Format Version 12.00
# Visual Studio Version 17
VisualStudioVersion = 17.6.33712.159
MinimumVisualStudioVersion = 10.0.40219.1
Project("{FAE04EC0-301F-11D3-BF4B-00C04F79EFBC}") = "Ex001", "Ex001\Ex001.csproj", "{52633C33-03E5-4A77-8850-D4337551F09A}"
EndProject
Project("{FAE04EC0-301F-11D3-BF4B-00C04F79EFBC}") = "Ex002", "Ex002\Ex002.csproj", "{96F806AF-EDE9-4F53-A4CD-A5892B3D8BA4}"
EndProject
Project("{FAE04EC0-301F-11D3-BF4B-00C04F79EFBC}") = "Ex003", "Ex003\Ex003.csproj", "{726398F6-68AC-4EF1-AB2B-73EE9081D7AA}"
EndProject
Global
	GlobalSection(SolutionConfigurationPlatforms) = preSolution
		Debug|Any CPU = Debug|Any CPU
		Release|Any CPU = Release|Any CPU
	EndGlobalSection
	GlobalSection(ProjectConfigurationPlatforms) = postSolution
		{52633C33-03E5-4A77-8850-D4337551F09A}.Debug|Any CPU.ActiveCfg = Debug|Any CPU
		{52633C33-03E5-4A77-8850-D4337551F09A}.Debug|Any CPU.Build.0 = Debug|Any CPU
		{52633C33-03E5-4A77-8850-D4337551F09A}.Release|Any CPU.ActiveCfg = Release|Any CPU
		{52633C33-03E5-4A77-8850-D4337551F09A}.Release|Any CPU.Build.0 = Release|Any CPU
		{96F806AF-EDE9-4F53-A4CD-A5892B3D8BA4}.Debug|Any CPU.ActiveCfg = Debug|Any CPU
		{96F806AF-EDE9-4F53-A4CD-A5892B3D8BA4}.Debug|Any CPU.Build.0 = Debug|Any CPU
		{96F806AF-EDE9-4F53-A4CD-A5892B3D8BA4}.Release|Any CPU.ActiveCfg = Release|Any CPU
		{96F806AF-EDE9-4F53-A4CD-A5892B3D8BA4}.Release|Any CPU.Build.0 = Release|Any CPU
		{726398F6-68AC-4EF1-AB2B-73EE9081D7AA}.Debug|Any CPU.ActiveCfg = Debug|Any CPU
		{726398F6-68AC-4EF1-AB2B-73EE9081D7AA}.Debug|Any CPU.Build.0 = Debug|Any CPU
		{726398F6-68AC-4EF1-AB2B-73EE9081D7AA}.Release|Any CPU.ActiveCfg = Release|Any CPU
		{726398F6-68AC-4EF1-AB2B-73EE9081D7AA}.Release|Any CPU.Build.0 = Release|Any CPU
	EndGlobalSection
	GlobalSection(SolutionProperties) = preSolution
		HideSolutionNode = FALSE
	EndGlobalSection
	GlobalSection(ExtensibilityGlobals) = postSolution
		SolutionGuid = {E5FB8B07-E4CD-46AF-9938-C0C2351FE52D}
	EndGlobalSection
EndGlobal
