
Microsoft Visual Studio Solution File, Format Version 12.00
# Visual Studio Version 17
VisualStudioVersion = 17.6.33712.159
MinimumVisualStudioVersion = 10.0.40219.1
Project("{FAE04EC0-301F-11D3-BF4B-00C04F79EFBC}") = "Ex001", "Ex001\Ex001.csproj", "{52633C33-03E5-4A77-8850-D4337551F09A}"
EndProject
Project("{FAE04EC0-301F-11D3-BF4B-00C04F79EFBC}") = "Ex002", "Ex002\Ex002.csproj", "{96F806AF-EDE9-4F53-A4CD-A5892B3D8BA4}"
EndProject
Project("{FAE04EC0-301F-11D3-BF4B-00C04F79EFBC}") = "Ex003", "Ex003\Ex003.csproj", "{726398F6-68AC-4EF1-AB2B-73EE9081D7AA}"
EndProject
Project("{FAE04EC0-301F-11D3-BF4B-00C04F79EFBC}") = "Ex004", "Ex004\Ex004.csproj", "{6F716D18-3352-44CF-9F9B-61FA30709E40}"
EndProject
Project("{FAE04EC0-301F-11D3-BF4B-00C04F79EFBC}") = "Ex005", "Ex005\Ex005.csproj", "{C4CE8EEB-256C-4FA0-86D9-C5B735B7730B}"
EndProject
Project("{FAE04EC0-301F-11D3-BF4B-00C04F79EFBC}") = "Ex006", "Ex006\Ex006.csproj", "{4DBDA9F8-47A5-44A1-87E4-6436879C5C1C}"
EndProject
Project("{FAE04EC0-301F-11D3-BF4B-00C04F79EFBC}") = "Ex007", "Ex007\Ex007.csproj", "{D7D9E5C2-092A-4079-8D57-51E28FEA8F56}"
EndProject
Project("{FAE04EC0-301F-11D3-BF4B-00C04F79EFBC}") = "Ex008", "Ex008\Ex008.csproj", "{D70CDA48-8181-4559-921D-9D4507CA6B53}"
EndProject
Project("{FAE04EC0-301F-11D3-BF4B-00C04F79EFBC}") = "Ex009", "Ex009\Ex009.csproj", "{FF42C7EC-4269-4CF8-B5FB-1353B00276C6}"
EndProject
Project("{FAE04EC0-301F-11D3-BF4B-00C04F79EFBC}") = "Ex010", "Ex010\Ex010.csproj", "{BFD2CB5F-C4DF-40DA-857F-25C5C3025AAA}"
EndProject
Project("{FAE04EC0-301F-11D3-BF4B-00C04F79EFBC}") = "Ex011", "Ex011\Ex011.csproj", "{3690BC34-FC5C-41E7-83D6-E32A2933E89E}"
EndProject
Project("{FAE04EC0-301F-11D3-BF4B-00C04F79EFBC}") = "Ex012", "Ex012\Ex012.csproj", "{38B37421-B1DE-400E-85F7-1BCF232DCECD}"
EndProject
Project("{FAE04EC0-301F-11D3-BF4B-00C04F79EFBC}") = "Ex013", "Ex013\Ex013.csproj", "{6516DA93-9DBC-435F-AFF0-91CCC50515F5}"
EndProject
Project("{FAE04EC0-301F-11D3-BF4B-00C04F79EFBC}") = "Ex014", "Ex014\Ex014.csproj", "{94D84929-0354-40B7-94CA-5B30DA4A1150}"
EndProject
Project("{FAE04EC0-301F-11D3-BF4B-00C04F79EFBC}") = "Ex015", "Ex015\Ex015.csproj", "{386998BC-64A7-40BA-A328-3D454B256C71}"
EndProject
Project("{FAE04EC0-301F-11D3-BF4B-00C04F79EFBC}") = "Ex016", "Ex016\Ex016.csproj", "{BEF98485-CEFD-449E-BEF4-B945B0BCB371}"
EndProject
Project("{FAE04EC0-301F-11D3-BF4B-00C04F79EFBC}") = "Ex017", "Ex017\Ex017.csproj", "{32E8D406-F9A4-4D67-A1FC-92CD775E293B}"
EndProject
Project("{FAE04EC0-301F-11D3-BF4B-00C04F79EFBC}") = "Ex018", "Ex018\Ex018.csproj", "{9AC288FD-127B-4BEB-B669-80C3DF552A6D}"
EndProject
Project("{9A19103F-16F7-4668-BE54-9A1E7A4F7556}") = "Ex019", "Ex019\Ex019.csproj", "{51F7CE90-C99E-4CFB-87CE-21FA654A2803}"
EndProject
Project("{9A19103F-16F7-4668-BE54-9A1E7A4F7556}") = "Ex020", "Ex020\Ex020.csproj", "{0ACFEB74-DAC7-4687-BBD3-08AD15A7B2D2}"
EndProject
Project("{9A19103F-16F7-4668-BE54-9A1E7A4F7556}") = "Ex021", "Ex021\Ex021.csproj", "{94686233-9660-4444-8096-543420492FA4}"
EndProject
Project("{9A19103F-16F7-4668-BE54-9A1E7A4F7556}") = "Ex022", "Ex022\Ex022.csproj", "{ED52630B-1E1E-45E5-BB15-CE1D42D73B47}"
EndProject
Project("{9A19103F-16F7-4668-BE54-9A1E7A4F7556}") = "Ex023", "Ex023\Ex023.csproj", "{1F1B000D-7CB3-4B94-B5F7-CD52E39D46D4}"
EndProject
Project("{9A19103F-16F7-4668-BE54-9A1E7A4F7556}") = "Ex024", "Ex024\Ex024.csproj", "{5B709F0C-75F6-4134-8C28-79767F5C1AAF}"
EndProject
Project("{9A19103F-16F7-4668-BE54-9A1E7A4F7556}") = "Ex025", "Ex025\Ex025.csproj", "{9324C46C-D8D3-4748-B7C0-782D3C2FA7D2}"
EndProject
Project("{9A19103F-16F7-4668-BE54-9A1E7A4F7556}") = "Ex026", "Ex026\Ex026.csproj", "{14E2E333-8E53-467C-853A-26AB3FB6B047}"
EndProject
Project("{9A19103F-16F7-4668-BE54-9A1E7A4F7556}") = "Ex027", "Ex027\Ex027.csproj", "{393C8C15-397B-433A-A362-7ABEFA065CDE}"
EndProject
Project("{2150E333-8FDC-42A3-9474-1A3956D46DE8}") = "Ex001_025", "Ex001_025", "{8055C112-6183-447C-A92B-23D6BD1820C3}"
EndProject
Project("{2150E333-8FDC-42A3-9474-1A3956D46DE8}") = "Ex026_050", "Ex026_050", "{C6B2A22D-7530-446A-994B-EFD000D008C0}"
EndProject
Project("{9A19103F-16F7-4668-BE54-9A1E7A4F7556}") = "Ex028", "Ex028\Ex028.csproj", "{AABEFB27-893F-4DE0-9DA7-1332944EC124}"
EndProject
Project("{9A19103F-16F7-4668-BE54-9A1E7A4F7556}") = "Ex029", "Ex029\Ex029.csproj", "{98B62E06-31BC-40A5-8E8F-153BAF2D4668}"
EndProject
Project("{9A19103F-16F7-4668-BE54-9A1E7A4F7556}") = "Ex030", "Ex030\Ex030.csproj", "{F9B31A27-EB53-4285-BD06-FB823FB5F76C}"
EndProject
Project("{9A19103F-16F7-4668-BE54-9A1E7A4F7556}") = "Ex031", "Ex031\Ex031.csproj", "{D93A5178-E4FC-4D34-BEF9-4DE5193A2105}"
EndProject
Project("{9A19103F-16F7-4668-BE54-9A1E7A4F7556}") = "Ex032", "Ex032\Ex032.csproj", "{E6389BB3-B68D-4F88-9EFC-611335697912}"
EndProject
Project("{9A19103F-16F7-4668-BE54-9A1E7A4F7556}") = "Ex033", "Ex033\Ex033.csproj", "{AA33E3AB-54C0-4D22-B945-2F4FEFB0D603}"
EndProject
Project("{9A19103F-16F7-4668-BE54-9A1E7A4F7556}") = "Ex034", "Ex034\Ex034.csproj", "{6DCA3F45-41B9-4BEB-8F0C-73A03AD849BD}"
EndProject
Project("{9A19103F-16F7-4668-BE54-9A1E7A4F7556}") = "Ex035", "Ex035\Ex035.csproj", "{35037E91-236D-4FB8-8A22-C37DE9C5795E}"
EndProject
Project("{9A19103F-16F7-4668-BE54-9A1E7A4F7556}") = "Ex036", "Ex036\Ex036.csproj", "{38EE4DCC-E43E-4EA8-AE86-D11062AC56A1}"
EndProject
Project("{9A19103F-16F7-4668-BE54-9A1E7A4F7556}") = "Ex037", "Ex037\Ex037.csproj", "{CE3E4C25-3FB5-4C99-A7C5-C0B36651AC45}"
EndProject
Project("{9A19103F-16F7-4668-BE54-9A1E7A4F7556}") = "Ex038", "Ex038\Ex038.csproj", "{8E86C109-1AD1-4888-B63F-15E1E43FB45F}"
EndProject
Project("{9A19103F-16F7-4668-BE54-9A1E7A4F7556}") = "Ex039", "Ex039\Ex039.csproj", "{0922C37E-237F-4930-AB21-DF9403B2D77C}"
EndProject
Project("{9A19103F-16F7-4668-BE54-9A1E7A4F7556}") = "Ex040", "Ex040\Ex040.csproj", "{F636FFFD-B517-4B57-9726-FE777621C795}"
EndProject
Project("{9A19103F-16F7-4668-BE54-9A1E7A4F7556}") = "Ex041", "Ex041\Ex041.csproj", "{13E73D2E-D102-40DC-A05E-907D729C014D}"
EndProject
Project("{9A19103F-16F7-4668-BE54-9A1E7A4F7556}") = "Ex042", "Ex042\Ex042.csproj", "{F9F458EF-C205-46FB-89DD-1DC66A53DB4F}"
EndProject
Project("{9A19103F-16F7-4668-BE54-9A1E7A4F7556}") = "Ex043", "Ex043\Ex043.csproj", "{60D04C6F-C6AD-453C-A267-B05592A8D23B}"
EndProject
Project("{9A19103F-16F7-4668-BE54-9A1E7A4F7556}") = "Ex044", "Ex044\Ex044.csproj", "{642A8B34-EE45-4F53-9C0F-9A53B1A8A284}"
EndProject
Project("{9A19103F-16F7-4668-BE54-9A1E7A4F7556}") = "Ex045", "Ex045\Ex045.csproj", "{4B640BDC-C49C-4B1B-BC00-8AB45A2475BB}"
EndProject
Project("{9A19103F-16F7-4668-BE54-9A1E7A4F7556}") = "Ex046", "Ex046\Ex046.csproj", "{1023341E-D949-48A4-8F06-1EEBEDAA310A}"
EndProject
Project("{9A19103F-16F7-4668-BE54-9A1E7A4F7556}") = "Ex047", "Ex047\Ex047.csproj", "{3449AB90-1CFF-48A1-9834-7ED3E7AE148B}"
EndProject
Project("{9A19103F-16F7-4668-BE54-9A1E7A4F7556}") = "Ex048", "Ex048\Ex048.csproj", "{B8A2C3E5-BB9F-4EA7-B36B-C746F92C32E1}"
EndProject
Project("{9A19103F-16F7-4668-BE54-9A1E7A4F7556}") = "Ex049", "Ex049\Ex049.csproj", "{63D6BFBA-F271-4BD5-AB3E-A1144CE96DF4}"
EndProject
Project("{9A19103F-16F7-4668-BE54-9A1E7A4F7556}") = "Ex050", "Ex050\Ex050.csproj", "{05273724-0351-45BE-AEDA-0507EA2490FC}"
EndProject
Project("{2150E333-8FDC-42A3-9474-1A3956D46DE8}") = "Ex051_064", "Ex051_064", "{16B4C99E-8811-4F4D-806E-A0583BB3644B}"
EndProject
Project("{FAE04EC0-301F-11D3-BF4B-00C04F79EFBC}") = "Ex051", "Ex051\Ex051.csproj", "{8B8D84EE-1B85-4CCB-89B9-8CCC640DEB01}"
EndProject
Project("{FAE04EC0-301F-11D3-BF4B-00C04F79EFBC}") = "Ex052", "Ex052\Ex052.csproj", "{2630C390-5B8D-4201-8661-354C99D77C6D}"
EndProject
Project("{FAE04EC0-301F-11D3-BF4B-00C04F79EFBC}") = "Ex053", "Ex053\Ex053.csproj", "{1BD24447-222B-4C78-B2EB-AB7152E6CB89}"
EndProject
Project("{FAE04EC0-301F-11D3-BF4B-00C04F79EFBC}") = "Ex054", "Ex054\Ex054.csproj", "{A8AFA389-8A7D-4237-9E61-88AA3F7E7613}"
EndProject
Global
	GlobalSection(SolutionConfigurationPlatforms) = preSolution
		Debug|Any CPU = Debug|Any CPU
		Release|Any CPU = Release|Any CPU
	EndGlobalSection
	GlobalSection(ProjectConfigurationPlatforms) = postSolution
		{52633C33-03E5-4A77-8850-D4337551F09A}.Debug|Any CPU.ActiveCfg = Debug|Any CPU
		{52633C33-03E5-4A77-8850-D4337551F09A}.Debug|Any CPU.Build.0 = Debug|Any CPU
		{52633C33-03E5-4A77-8850-D4337551F09A}.Release|Any CPU.ActiveCfg = Release|Any CPU
		{52633C33-03E5-4A77-8850-D4337551F09A}.Release|Any CPU.Build.0 = Release|Any CPU
		{96F806AF-EDE9-4F53-A4CD-A5892B3D8BA4}.Debug|Any CPU.ActiveCfg = Debug|Any CPU
		{96F806AF-EDE9-4F53-A4CD-A5892B3D8BA4}.Debug|Any CPU.Build.0 = Debug|Any CPU
		{96F806AF-EDE9-4F53-A4CD-A5892B3D8BA4}.Release|Any CPU.ActiveCfg = Release|Any CPU
		{96F806AF-EDE9-4F53-A4CD-A5892B3D8BA4}.Release|Any CPU.Build.0 = Release|Any CPU
		{726398F6-68AC-4EF1-AB2B-73EE9081D7AA}.Debug|Any CPU.ActiveCfg = Debug|Any CPU
		{726398F6-68AC-4EF1-AB2B-73EE9081D7AA}.Debug|Any CPU.Build.0 = Debug|Any CPU
		{726398F6-68AC-4EF1-AB2B-73EE9081D7AA}.Release|Any CPU.ActiveCfg = Release|Any CPU
		{726398F6-68AC-4EF1-AB2B-73EE9081D7AA}.Release|Any CPU.Build.0 = Release|Any CPU
		{6F716D18-3352-44CF-9F9B-61FA30709E40}.Debug|Any CPU.ActiveCfg = Debug|Any CPU
		{6F716D18-3352-44CF-9F9B-61FA30709E40}.Debug|Any CPU.Build.0 = Debug|Any CPU
		{6F716D18-3352-44CF-9F9B-61FA30709E40}.Release|Any CPU.ActiveCfg = Release|Any CPU
		{6F716D18-3352-44CF-9F9B-61FA30709E40}.Release|Any CPU.Build.0 = Release|Any CPU
		{C4CE8EEB-256C-4FA0-86D9-C5B735B7730B}.Debug|Any CPU.ActiveCfg = Debug|Any CPU
		{C4CE8EEB-256C-4FA0-86D9-C5B735B7730B}.Debug|Any CPU.Build.0 = Debug|Any CPU
		{C4CE8EEB-256C-4FA0-86D9-C5B735B7730B}.Release|Any CPU.ActiveCfg = Release|Any CPU
		{C4CE8EEB-256C-4FA0-86D9-C5B735B7730B}.Release|Any CPU.Build.0 = Release|Any CPU
		{4DBDA9F8-47A5-44A1-87E4-6436879C5C1C}.Debug|Any CPU.ActiveCfg = Debug|Any CPU
		{4DBDA9F8-47A5-44A1-87E4-6436879C5C1C}.Debug|Any CPU.Build.0 = Debug|Any CPU
		{4DBDA9F8-47A5-44A1-87E4-6436879C5C1C}.Release|Any CPU.ActiveCfg = Release|Any CPU
		{4DBDA9F8-47A5-44A1-87E4-6436879C5C1C}.Release|Any CPU.Build.0 = Release|Any CPU
		{D7D9E5C2-092A-4079-8D57-51E28FEA8F56}.Debug|Any CPU.ActiveCfg = Debug|Any CPU
		{D7D9E5C2-092A-4079-8D57-51E28FEA8F56}.Debug|Any CPU.Build.0 = Debug|Any CPU
		{D7D9E5C2-092A-4079-8D57-51E28FEA8F56}.Release|Any CPU.ActiveCfg = Release|Any CPU
		{D7D9E5C2-092A-4079-8D57-51E28FEA8F56}.Release|Any CPU.Build.0 = Release|Any CPU
		{D70CDA48-8181-4559-921D-9D4507CA6B53}.Debug|Any CPU.ActiveCfg = Debug|Any CPU
		{D70CDA48-8181-4559-921D-9D4507CA6B53}.Debug|Any CPU.Build.0 = Debug|Any CPU
		{D70CDA48-8181-4559-921D-9D4507CA6B53}.Release|Any CPU.ActiveCfg = Release|Any CPU
		{D70CDA48-8181-4559-921D-9D4507CA6B53}.Release|Any CPU.Build.0 = Release|Any CPU
		{FF42C7EC-4269-4CF8-B5FB-1353B00276C6}.Debug|Any CPU.ActiveCfg = Debug|Any CPU
		{FF42C7EC-4269-4CF8-B5FB-1353B00276C6}.Debug|Any CPU.Build.0 = Debug|Any CPU
		{FF42C7EC-4269-4CF8-B5FB-1353B00276C6}.Release|Any CPU.ActiveCfg = Release|Any CPU
		{FF42C7EC-4269-4CF8-B5FB-1353B00276C6}.Release|Any CPU.Build.0 = Release|Any CPU
		{BFD2CB5F-C4DF-40DA-857F-25C5C3025AAA}.Debug|Any CPU.ActiveCfg = Debug|Any CPU
		{BFD2CB5F-C4DF-40DA-857F-25C5C3025AAA}.Debug|Any CPU.Build.0 = Debug|Any CPU
		{BFD2CB5F-C4DF-40DA-857F-25C5C3025AAA}.Release|Any CPU.ActiveCfg = Release|Any CPU
		{BFD2CB5F-C4DF-40DA-857F-25C5C3025AAA}.Release|Any CPU.Build.0 = Release|Any CPU
		{3690BC34-FC5C-41E7-83D6-E32A2933E89E}.Debug|Any CPU.ActiveCfg = Debug|Any CPU
		{3690BC34-FC5C-41E7-83D6-E32A2933E89E}.Debug|Any CPU.Build.0 = Debug|Any CPU
		{3690BC34-FC5C-41E7-83D6-E32A2933E89E}.Release|Any CPU.ActiveCfg = Release|Any CPU
		{3690BC34-FC5C-41E7-83D6-E32A2933E89E}.Release|Any CPU.Build.0 = Release|Any CPU
		{38B37421-B1DE-400E-85F7-1BCF232DCECD}.Debug|Any CPU.ActiveCfg = Debug|Any CPU
		{38B37421-B1DE-400E-85F7-1BCF232DCECD}.Debug|Any CPU.Build.0 = Debug|Any CPU
		{38B37421-B1DE-400E-85F7-1BCF232DCECD}.Release|Any CPU.ActiveCfg = Release|Any CPU
		{38B37421-B1DE-400E-85F7-1BCF232DCECD}.Release|Any CPU.Build.0 = Release|Any CPU
		{6516DA93-9DBC-435F-AFF0-91CCC50515F5}.Debug|Any CPU.ActiveCfg = Debug|Any CPU
		{6516DA93-9DBC-435F-AFF0-91CCC50515F5}.Debug|Any CPU.Build.0 = Debug|Any CPU
		{6516DA93-9DBC-435F-AFF0-91CCC50515F5}.Release|Any CPU.ActiveCfg = Release|Any CPU
		{6516DA93-9DBC-435F-AFF0-91CCC50515F5}.Release|Any CPU.Build.0 = Release|Any CPU
		{94D84929-0354-40B7-94CA-5B30DA4A1150}.Debug|Any CPU.ActiveCfg = Debug|Any CPU
		{94D84929-0354-40B7-94CA-5B30DA4A1150}.Debug|Any CPU.Build.0 = Debug|Any CPU
		{94D84929-0354-40B7-94CA-5B30DA4A1150}.Release|Any CPU.ActiveCfg = Release|Any CPU
		{94D84929-0354-40B7-94CA-5B30DA4A1150}.Release|Any CPU.Build.0 = Release|Any CPU
		{386998BC-64A7-40BA-A328-3D454B256C71}.Debug|Any CPU.ActiveCfg = Debug|Any CPU
		{386998BC-64A7-40BA-A328-3D454B256C71}.Debug|Any CPU.Build.0 = Debug|Any CPU
		{386998BC-64A7-40BA-A328-3D454B256C71}.Release|Any CPU.ActiveCfg = Release|Any CPU
		{386998BC-64A7-40BA-A328-3D454B256C71}.Release|Any CPU.Build.0 = Release|Any CPU
		{BEF98485-CEFD-449E-BEF4-B945B0BCB371}.Debug|Any CPU.ActiveCfg = Debug|Any CPU
		{BEF98485-CEFD-449E-BEF4-B945B0BCB371}.Debug|Any CPU.Build.0 = Debug|Any CPU
		{BEF98485-CEFD-449E-BEF4-B945B0BCB371}.Release|Any CPU.ActiveCfg = Release|Any CPU
		{BEF98485-CEFD-449E-BEF4-B945B0BCB371}.Release|Any CPU.Build.0 = Release|Any CPU
		{32E8D406-F9A4-4D67-A1FC-92CD775E293B}.Debug|Any CPU.ActiveCfg = Debug|Any CPU
		{32E8D406-F9A4-4D67-A1FC-92CD775E293B}.Debug|Any CPU.Build.0 = Debug|Any CPU
		{32E8D406-F9A4-4D67-A1FC-92CD775E293B}.Release|Any CPU.ActiveCfg = Release|Any CPU
		{32E8D406-F9A4-4D67-A1FC-92CD775E293B}.Release|Any CPU.Build.0 = Release|Any CPU
		{9AC288FD-127B-4BEB-B669-80C3DF552A6D}.Debug|Any CPU.ActiveCfg = Debug|Any CPU
		{9AC288FD-127B-4BEB-B669-80C3DF552A6D}.Debug|Any CPU.Build.0 = Debug|Any CPU
		{9AC288FD-127B-4BEB-B669-80C3DF552A6D}.Release|Any CPU.ActiveCfg = Release|Any CPU
		{9AC288FD-127B-4BEB-B669-80C3DF552A6D}.Release|Any CPU.Build.0 = Release|Any CPU
		{51F7CE90-C99E-4CFB-87CE-21FA654A2803}.Debug|Any CPU.ActiveCfg = Debug|Any CPU
		{51F7CE90-C99E-4CFB-87CE-21FA654A2803}.Debug|Any CPU.Build.0 = Debug|Any CPU
		{51F7CE90-C99E-4CFB-87CE-21FA654A2803}.Release|Any CPU.ActiveCfg = Release|Any CPU
		{51F7CE90-C99E-4CFB-87CE-21FA654A2803}.Release|Any CPU.Build.0 = Release|Any CPU
		{0ACFEB74-DAC7-4687-BBD3-08AD15A7B2D2}.Debug|Any CPU.ActiveCfg = Debug|Any CPU
		{0ACFEB74-DAC7-4687-BBD3-08AD15A7B2D2}.Debug|Any CPU.Build.0 = Debug|Any CPU
		{0ACFEB74-DAC7-4687-BBD3-08AD15A7B2D2}.Release|Any CPU.ActiveCfg = Release|Any CPU
		{0ACFEB74-DAC7-4687-BBD3-08AD15A7B2D2}.Release|Any CPU.Build.0 = Release|Any CPU
		{94686233-9660-4444-8096-543420492FA4}.Debug|Any CPU.ActiveCfg = Debug|Any CPU
		{94686233-9660-4444-8096-543420492FA4}.Debug|Any CPU.Build.0 = Debug|Any CPU
		{94686233-9660-4444-8096-543420492FA4}.Release|Any CPU.ActiveCfg = Release|Any CPU
		{94686233-9660-4444-8096-543420492FA4}.Release|Any CPU.Build.0 = Release|Any CPU
		{ED52630B-1E1E-45E5-BB15-CE1D42D73B47}.Debug|Any CPU.ActiveCfg = Debug|Any CPU
		{ED52630B-1E1E-45E5-BB15-CE1D42D73B47}.Debug|Any CPU.Build.0 = Debug|Any CPU
		{ED52630B-1E1E-45E5-BB15-CE1D42D73B47}.Release|Any CPU.ActiveCfg = Release|Any CPU
		{ED52630B-1E1E-45E5-BB15-CE1D42D73B47}.Release|Any CPU.Build.0 = Release|Any CPU
		{1F1B000D-7CB3-4B94-B5F7-CD52E39D46D4}.Debug|Any CPU.ActiveCfg = Debug|Any CPU
		{1F1B000D-7CB3-4B94-B5F7-CD52E39D46D4}.Debug|Any CPU.Build.0 = Debug|Any CPU
		{1F1B000D-7CB3-4B94-B5F7-CD52E39D46D4}.Release|Any CPU.ActiveCfg = Release|Any CPU
		{1F1B000D-7CB3-4B94-B5F7-CD52E39D46D4}.Release|Any CPU.Build.0 = Release|Any CPU
		{5B709F0C-75F6-4134-8C28-79767F5C1AAF}.Debug|Any CPU.ActiveCfg = Debug|Any CPU
		{5B709F0C-75F6-4134-8C28-79767F5C1AAF}.Debug|Any CPU.Build.0 = Debug|Any CPU
		{5B709F0C-75F6-4134-8C28-79767F5C1AAF}.Release|Any CPU.ActiveCfg = Release|Any CPU
		{5B709F0C-75F6-4134-8C28-79767F5C1AAF}.Release|Any CPU.Build.0 = Release|Any CPU
		{9324C46C-D8D3-4748-B7C0-782D3C2FA7D2}.Debug|Any CPU.ActiveCfg = Debug|Any CPU
		{9324C46C-D8D3-4748-B7C0-782D3C2FA7D2}.Debug|Any CPU.Build.0 = Debug|Any CPU
		{9324C46C-D8D3-4748-B7C0-782D3C2FA7D2}.Release|Any CPU.ActiveCfg = Release|Any CPU
		{9324C46C-D8D3-4748-B7C0-782D3C2FA7D2}.Release|Any CPU.Build.0 = Release|Any CPU
		{14E2E333-8E53-467C-853A-26AB3FB6B047}.Debug|Any CPU.ActiveCfg = Debug|Any CPU
		{14E2E333-8E53-467C-853A-26AB3FB6B047}.Debug|Any CPU.Build.0 = Debug|Any CPU
		{14E2E333-8E53-467C-853A-26AB3FB6B047}.Release|Any CPU.ActiveCfg = Release|Any CPU
		{14E2E333-8E53-467C-853A-26AB3FB6B047}.Release|Any CPU.Build.0 = Release|Any CPU
		{393C8C15-397B-433A-A362-7ABEFA065CDE}.Debug|Any CPU.ActiveCfg = Debug|Any CPU
		{393C8C15-397B-433A-A362-7ABEFA065CDE}.Debug|Any CPU.Build.0 = Debug|Any CPU
		{393C8C15-397B-433A-A362-7ABEFA065CDE}.Release|Any CPU.ActiveCfg = Release|Any CPU
		{393C8C15-397B-433A-A362-7ABEFA065CDE}.Release|Any CPU.Build.0 = Release|Any CPU
		{AABEFB27-893F-4DE0-9DA7-1332944EC124}.Debug|Any CPU.ActiveCfg = Debug|Any CPU
		{AABEFB27-893F-4DE0-9DA7-1332944EC124}.Debug|Any CPU.Build.0 = Debug|Any CPU
		{AABEFB27-893F-4DE0-9DA7-1332944EC124}.Release|Any CPU.ActiveCfg = Release|Any CPU
		{AABEFB27-893F-4DE0-9DA7-1332944EC124}.Release|Any CPU.Build.0 = Release|Any CPU
		{98B62E06-31BC-40A5-8E8F-153BAF2D4668}.Debug|Any CPU.ActiveCfg = Debug|Any CPU
		{98B62E06-31BC-40A5-8E8F-153BAF2D4668}.Debug|Any CPU.Build.0 = Debug|Any CPU
		{98B62E06-31BC-40A5-8E8F-153BAF2D4668}.Release|Any CPU.ActiveCfg = Release|Any CPU
		{98B62E06-31BC-40A5-8E8F-153BAF2D4668}.Release|Any CPU.Build.0 = Release|Any CPU
		{F9B31A27-EB53-4285-BD06-FB823FB5F76C}.Debug|Any CPU.ActiveCfg = Debug|Any CPU
		{F9B31A27-EB53-4285-BD06-FB823FB5F76C}.Debug|Any CPU.Build.0 = Debug|Any CPU
		{F9B31A27-EB53-4285-BD06-FB823FB5F76C}.Release|Any CPU.ActiveCfg = Release|Any CPU
		{F9B31A27-EB53-4285-BD06-FB823FB5F76C}.Release|Any CPU.Build.0 = Release|Any CPU
		{D93A5178-E4FC-4D34-BEF9-4DE5193A2105}.Debug|Any CPU.ActiveCfg = Debug|Any CPU
		{D93A5178-E4FC-4D34-BEF9-4DE5193A2105}.Debug|Any CPU.Build.0 = Debug|Any CPU
		{D93A5178-E4FC-4D34-BEF9-4DE5193A2105}.Release|Any CPU.ActiveCfg = Release|Any CPU
		{D93A5178-E4FC-4D34-BEF9-4DE5193A2105}.Release|Any CPU.Build.0 = Release|Any CPU
		{E6389BB3-B68D-4F88-9EFC-611335697912}.Debug|Any CPU.ActiveCfg = Debug|Any CPU
		{E6389BB3-B68D-4F88-9EFC-611335697912}.Debug|Any CPU.Build.0 = Debug|Any CPU
		{E6389BB3-B68D-4F88-9EFC-611335697912}.Release|Any CPU.ActiveCfg = Release|Any CPU
		{E6389BB3-B68D-4F88-9EFC-611335697912}.Release|Any CPU.Build.0 = Release|Any CPU
		{AA33E3AB-54C0-4D22-B945-2F4FEFB0D603}.Debug|Any CPU.ActiveCfg = Debug|Any CPU
		{AA33E3AB-54C0-4D22-B945-2F4FEFB0D603}.Debug|Any CPU.Build.0 = Debug|Any CPU
		{AA33E3AB-54C0-4D22-B945-2F4FEFB0D603}.Release|Any CPU.ActiveCfg = Release|Any CPU
		{AA33E3AB-54C0-4D22-B945-2F4FEFB0D603}.Release|Any CPU.Build.0 = Release|Any CPU
		{6DCA3F45-41B9-4BEB-8F0C-73A03AD849BD}.Debug|Any CPU.ActiveCfg = Debug|Any CPU
		{6DCA3F45-41B9-4BEB-8F0C-73A03AD849BD}.Debug|Any CPU.Build.0 = Debug|Any CPU
		{6DCA3F45-41B9-4BEB-8F0C-73A03AD849BD}.Release|Any CPU.ActiveCfg = Release|Any CPU
		{6DCA3F45-41B9-4BEB-8F0C-73A03AD849BD}.Release|Any CPU.Build.0 = Release|Any CPU
		{35037E91-236D-4FB8-8A22-C37DE9C5795E}.Debug|Any CPU.ActiveCfg = Debug|Any CPU
		{35037E91-236D-4FB8-8A22-C37DE9C5795E}.Debug|Any CPU.Build.0 = Debug|Any CPU
		{35037E91-236D-4FB8-8A22-C37DE9C5795E}.Release|Any CPU.ActiveCfg = Release|Any CPU
		{35037E91-236D-4FB8-8A22-C37DE9C5795E}.Release|Any CPU.Build.0 = Release|Any CPU
		{38EE4DCC-E43E-4EA8-AE86-D11062AC56A1}.Debug|Any CPU.ActiveCfg = Debug|Any CPU
		{38EE4DCC-E43E-4EA8-AE86-D11062AC56A1}.Debug|Any CPU.Build.0 = Debug|Any CPU
		{38EE4DCC-E43E-4EA8-AE86-D11062AC56A1}.Release|Any CPU.ActiveCfg = Release|Any CPU
		{38EE4DCC-E43E-4EA8-AE86-D11062AC56A1}.Release|Any CPU.Build.0 = Release|Any CPU
		{CE3E4C25-3FB5-4C99-A7C5-C0B36651AC45}.Debug|Any CPU.ActiveCfg = Debug|Any CPU
		{CE3E4C25-3FB5-4C99-A7C5-C0B36651AC45}.Debug|Any CPU.Build.0 = Debug|Any CPU
		{CE3E4C25-3FB5-4C99-A7C5-C0B36651AC45}.Release|Any CPU.ActiveCfg = Release|Any CPU
		{CE3E4C25-3FB5-4C99-A7C5-C0B36651AC45}.Release|Any CPU.Build.0 = Release|Any CPU
		{8E86C109-1AD1-4888-B63F-15E1E43FB45F}.Debug|Any CPU.ActiveCfg = Debug|Any CPU
		{8E86C109-1AD1-4888-B63F-15E1E43FB45F}.Debug|Any CPU.Build.0 = Debug|Any CPU
		{8E86C109-1AD1-4888-B63F-15E1E43FB45F}.Release|Any CPU.ActiveCfg = Release|Any CPU
		{8E86C109-1AD1-4888-B63F-15E1E43FB45F}.Release|Any CPU.Build.0 = Release|Any CPU
		{0922C37E-237F-4930-AB21-DF9403B2D77C}.Debug|Any CPU.ActiveCfg = Debug|Any CPU
		{0922C37E-237F-4930-AB21-DF9403B2D77C}.Debug|Any CPU.Build.0 = Debug|Any CPU
		{0922C37E-237F-4930-AB21-DF9403B2D77C}.Release|Any CPU.ActiveCfg = Release|Any CPU
		{0922C37E-237F-4930-AB21-DF9403B2D77C}.Release|Any CPU.Build.0 = Release|Any CPU
		{F636FFFD-B517-4B57-9726-FE777621C795}.Debug|Any CPU.ActiveCfg = Debug|Any CPU
		{F636FFFD-B517-4B57-9726-FE777621C795}.Debug|Any CPU.Build.0 = Debug|Any CPU
		{F636FFFD-B517-4B57-9726-FE777621C795}.Release|Any CPU.ActiveCfg = Release|Any CPU
		{F636FFFD-B517-4B57-9726-FE777621C795}.Release|Any CPU.Build.0 = Release|Any CPU
		{13E73D2E-D102-40DC-A05E-907D729C014D}.Debug|Any CPU.ActiveCfg = Debug|Any CPU
		{13E73D2E-D102-40DC-A05E-907D729C014D}.Debug|Any CPU.Build.0 = Debug|Any CPU
		{13E73D2E-D102-40DC-A05E-907D729C014D}.Release|Any CPU.ActiveCfg = Release|Any CPU
		{13E73D2E-D102-40DC-A05E-907D729C014D}.Release|Any CPU.Build.0 = Release|Any CPU
		{F9F458EF-C205-46FB-89DD-1DC66A53DB4F}.Debug|Any CPU.ActiveCfg = Debug|Any CPU
		{F9F458EF-C205-46FB-89DD-1DC66A53DB4F}.Debug|Any CPU.Build.0 = Debug|Any CPU
		{F9F458EF-C205-46FB-89DD-1DC66A53DB4F}.Release|Any CPU.ActiveCfg = Release|Any CPU
		{F9F458EF-C205-46FB-89DD-1DC66A53DB4F}.Release|Any CPU.Build.0 = Release|Any CPU
		{60D04C6F-C6AD-453C-A267-B05592A8D23B}.Debug|Any CPU.ActiveCfg = Debug|Any CPU
		{60D04C6F-C6AD-453C-A267-B05592A8D23B}.Debug|Any CPU.Build.0 = Debug|Any CPU
		{60D04C6F-C6AD-453C-A267-B05592A8D23B}.Release|Any CPU.ActiveCfg = Release|Any CPU
		{60D04C6F-C6AD-453C-A267-B05592A8D23B}.Release|Any CPU.Build.0 = Release|Any CPU
		{642A8B34-EE45-4F53-9C0F-9A53B1A8A284}.Debug|Any CPU.ActiveCfg = Debug|Any CPU
		{642A8B34-EE45-4F53-9C0F-9A53B1A8A284}.Debug|Any CPU.Build.0 = Debug|Any CPU
		{642A8B34-EE45-4F53-9C0F-9A53B1A8A284}.Release|Any CPU.ActiveCfg = Release|Any CPU
		{642A8B34-EE45-4F53-9C0F-9A53B1A8A284}.Release|Any CPU.Build.0 = Release|Any CPU
		{4B640BDC-C49C-4B1B-BC00-8AB45A2475BB}.Debug|Any CPU.ActiveCfg = Debug|Any CPU
		{4B640BDC-C49C-4B1B-BC00-8AB45A2475BB}.Debug|Any CPU.Build.0 = Debug|Any CPU
		{4B640BDC-C49C-4B1B-BC00-8AB45A2475BB}.Release|Any CPU.ActiveCfg = Release|Any CPU
		{4B640BDC-C49C-4B1B-BC00-8AB45A2475BB}.Release|Any CPU.Build.0 = Release|Any CPU
		{1023341E-D949-48A4-8F06-1EEBEDAA310A}.Debug|Any CPU.ActiveCfg = Debug|Any CPU
		{1023341E-D949-48A4-8F06-1EEBEDAA310A}.Debug|Any CPU.Build.0 = Debug|Any CPU
		{1023341E-D949-48A4-8F06-1EEBEDAA310A}.Release|Any CPU.ActiveCfg = Release|Any CPU
		{1023341E-D949-48A4-8F06-1EEBEDAA310A}.Release|Any CPU.Build.0 = Release|Any CPU
		{3449AB90-1CFF-48A1-9834-7ED3E7AE148B}.Debug|Any CPU.ActiveCfg = Debug|Any CPU
		{3449AB90-1CFF-48A1-9834-7ED3E7AE148B}.Debug|Any CPU.Build.0 = Debug|Any CPU
		{3449AB90-1CFF-48A1-9834-7ED3E7AE148B}.Release|Any CPU.ActiveCfg = Release|Any CPU
		{3449AB90-1CFF-48A1-9834-7ED3E7AE148B}.Release|Any CPU.Build.0 = Release|Any CPU
		{B8A2C3E5-BB9F-4EA7-B36B-C746F92C32E1}.Debug|Any CPU.ActiveCfg = Debug|Any CPU
		{B8A2C3E5-BB9F-4EA7-B36B-C746F92C32E1}.Debug|Any CPU.Build.0 = Debug|Any CPU
		{B8A2C3E5-BB9F-4EA7-B36B-C746F92C32E1}.Release|Any CPU.ActiveCfg = Release|Any CPU
		{B8A2C3E5-BB9F-4EA7-B36B-C746F92C32E1}.Release|Any CPU.Build.0 = Release|Any CPU
		{63D6BFBA-F271-4BD5-AB3E-A1144CE96DF4}.Debug|Any CPU.ActiveCfg = Debug|Any CPU
		{63D6BFBA-F271-4BD5-AB3E-A1144CE96DF4}.Debug|Any CPU.Build.0 = Debug|Any CPU
		{63D6BFBA-F271-4BD5-AB3E-A1144CE96DF4}.Release|Any CPU.ActiveCfg = Release|Any CPU
		{63D6BFBA-F271-4BD5-AB3E-A1144CE96DF4}.Release|Any CPU.Build.0 = Release|Any CPU
		{05273724-0351-45BE-AEDA-0507EA2490FC}.Debug|Any CPU.ActiveCfg = Debug|Any CPU
		{05273724-0351-45BE-AEDA-0507EA2490FC}.Debug|Any CPU.Build.0 = Debug|Any CPU
		{05273724-0351-45BE-AEDA-0507EA2490FC}.Release|Any CPU.ActiveCfg = Release|Any CPU
		{05273724-0351-45BE-AEDA-0507EA2490FC}.Release|Any CPU.Build.0 = Release|Any CPU
		{8B8D84EE-1B85-4CCB-89B9-8CCC640DEB01}.Debug|Any CPU.ActiveCfg = Debug|Any CPU
		{8B8D84EE-1B85-4CCB-89B9-8CCC640DEB01}.Debug|Any CPU.Build.0 = Debug|Any CPU
		{8B8D84EE-1B85-4CCB-89B9-8CCC640DEB01}.Release|Any CPU.ActiveCfg = Release|Any CPU
		{8B8D84EE-1B85-4CCB-89B9-8CCC640DEB01}.Release|Any CPU.Build.0 = Release|Any CPU
		{2630C390-5B8D-4201-8661-354C99D77C6D}.Debug|Any CPU.ActiveCfg = Debug|Any CPU
		{2630C390-5B8D-4201-8661-354C99D77C6D}.Debug|Any CPU.Build.0 = Debug|Any CPU
		{2630C390-5B8D-4201-8661-354C99D77C6D}.Release|Any CPU.ActiveCfg = Release|Any CPU
		{2630C390-5B8D-4201-8661-354C99D77C6D}.Release|Any CPU.Build.0 = Release|Any CPU
		{1BD24447-222B-4C78-B2EB-AB7152E6CB89}.Debug|Any CPU.ActiveCfg = Debug|Any CPU
		{1BD24447-222B-4C78-B2EB-AB7152E6CB89}.Debug|Any CPU.Build.0 = Debug|Any CPU
		{1BD24447-222B-4C78-B2EB-AB7152E6CB89}.Release|Any CPU.ActiveCfg = Release|Any CPU
		{1BD24447-222B-4C78-B2EB-AB7152E6CB89}.Release|Any CPU.Build.0 = Release|Any CPU
		{A8AFA389-8A7D-4237-9E61-88AA3F7E7613}.Debug|Any CPU.ActiveCfg = Debug|Any CPU
		{A8AFA389-8A7D-4237-9E61-88AA3F7E7613}.Debug|Any CPU.Build.0 = Debug|Any CPU
		{A8AFA389-8A7D-4237-9E61-88AA3F7E7613}.Release|Any CPU.ActiveCfg = Release|Any CPU
		{A8AFA389-8A7D-4237-9E61-88AA3F7E7613}.Release|Any CPU.Build.0 = Release|Any CPU
	EndGlobalSection
	GlobalSection(SolutionProperties) = preSolution
		HideSolutionNode = FALSE
	EndGlobalSection
	GlobalSection(NestedProjects) = preSolution
		{52633C33-03E5-4A77-8850-D4337551F09A} = {8055C112-6183-447C-A92B-23D6BD1820C3}
		{96F806AF-EDE9-4F53-A4CD-A5892B3D8BA4} = {8055C112-6183-447C-A92B-23D6BD1820C3}
		{726398F6-68AC-4EF1-AB2B-73EE9081D7AA} = {8055C112-6183-447C-A92B-23D6BD1820C3}
		{6F716D18-3352-44CF-9F9B-61FA30709E40} = {8055C112-6183-447C-A92B-23D6BD1820C3}
		{C4CE8EEB-256C-4FA0-86D9-C5B735B7730B} = {8055C112-6183-447C-A92B-23D6BD1820C3}
		{4DBDA9F8-47A5-44A1-87E4-6436879C5C1C} = {8055C112-6183-447C-A92B-23D6BD1820C3}
		{D7D9E5C2-092A-4079-8D57-51E28FEA8F56} = {8055C112-6183-447C-A92B-23D6BD1820C3}
		{D70CDA48-8181-4559-921D-9D4507CA6B53} = {8055C112-6183-447C-A92B-23D6BD1820C3}
		{FF42C7EC-4269-4CF8-B5FB-1353B00276C6} = {8055C112-6183-447C-A92B-23D6BD1820C3}
		{BFD2CB5F-C4DF-40DA-857F-25C5C3025AAA} = {8055C112-6183-447C-A92B-23D6BD1820C3}
		{3690BC34-FC5C-41E7-83D6-E32A2933E89E} = {8055C112-6183-447C-A92B-23D6BD1820C3}
		{38B37421-B1DE-400E-85F7-1BCF232DCECD} = {8055C112-6183-447C-A92B-23D6BD1820C3}
		{6516DA93-9DBC-435F-AFF0-91CCC50515F5} = {8055C112-6183-447C-A92B-23D6BD1820C3}
		{94D84929-0354-40B7-94CA-5B30DA4A1150} = {8055C112-6183-447C-A92B-23D6BD1820C3}
		{386998BC-64A7-40BA-A328-3D454B256C71} = {8055C112-6183-447C-A92B-23D6BD1820C3}
		{BEF98485-CEFD-449E-BEF4-B945B0BCB371} = {8055C112-6183-447C-A92B-23D6BD1820C3}
		{32E8D406-F9A4-4D67-A1FC-92CD775E293B} = {8055C112-6183-447C-A92B-23D6BD1820C3}
		{9AC288FD-127B-4BEB-B669-80C3DF552A6D} = {8055C112-6183-447C-A92B-23D6BD1820C3}
		{51F7CE90-C99E-4CFB-87CE-21FA654A2803} = {8055C112-6183-447C-A92B-23D6BD1820C3}
		{0ACFEB74-DAC7-4687-BBD3-08AD15A7B2D2} = {8055C112-6183-447C-A92B-23D6BD1820C3}
		{94686233-9660-4444-8096-543420492FA4} = {8055C112-6183-447C-A92B-23D6BD1820C3}
		{ED52630B-1E1E-45E5-BB15-CE1D42D73B47} = {8055C112-6183-447C-A92B-23D6BD1820C3}
		{1F1B000D-7CB3-4B94-B5F7-CD52E39D46D4} = {8055C112-6183-447C-A92B-23D6BD1820C3}
		{5B709F0C-75F6-4134-8C28-79767F5C1AAF} = {8055C112-6183-447C-A92B-23D6BD1820C3}
		{9324C46C-D8D3-4748-B7C0-782D3C2FA7D2} = {8055C112-6183-447C-A92B-23D6BD1820C3}
		{14E2E333-8E53-467C-853A-26AB3FB6B047} = {C6B2A22D-7530-446A-994B-EFD000D008C0}
		{393C8C15-397B-433A-A362-7ABEFA065CDE} = {C6B2A22D-7530-446A-994B-EFD000D008C0}
		{AABEFB27-893F-4DE0-9DA7-1332944EC124} = {C6B2A22D-7530-446A-994B-EFD000D008C0}
		{98B62E06-31BC-40A5-8E8F-153BAF2D4668} = {C6B2A22D-7530-446A-994B-EFD000D008C0}
		{F9B31A27-EB53-4285-BD06-FB823FB5F76C} = {C6B2A22D-7530-446A-994B-EFD000D008C0}
		{D93A5178-E4FC-4D34-BEF9-4DE5193A2105} = {C6B2A22D-7530-446A-994B-EFD000D008C0}
		{E6389BB3-B68D-4F88-9EFC-611335697912} = {C6B2A22D-7530-446A-994B-EFD000D008C0}
		{AA33E3AB-54C0-4D22-B945-2F4FEFB0D603} = {C6B2A22D-7530-446A-994B-EFD000D008C0}
		{6DCA3F45-41B9-4BEB-8F0C-73A03AD849BD} = {C6B2A22D-7530-446A-994B-EFD000D008C0}
		{35037E91-236D-4FB8-8A22-C37DE9C5795E} = {C6B2A22D-7530-446A-994B-EFD000D008C0}
		{38EE4DCC-E43E-4EA8-AE86-D11062AC56A1} = {C6B2A22D-7530-446A-994B-EFD000D008C0}
		{CE3E4C25-3FB5-4C99-A7C5-C0B36651AC45} = {C6B2A22D-7530-446A-994B-EFD000D008C0}
		{8E86C109-1AD1-4888-B63F-15E1E43FB45F} = {C6B2A22D-7530-446A-994B-EFD000D008C0}
		{0922C37E-237F-4930-AB21-DF9403B2D77C} = {C6B2A22D-7530-446A-994B-EFD000D008C0}
		{F636FFFD-B517-4B57-9726-FE777621C795} = {C6B2A22D-7530-446A-994B-EFD000D008C0}
		{13E73D2E-D102-40DC-A05E-907D729C014D} = {C6B2A22D-7530-446A-994B-EFD000D008C0}
		{F9F458EF-C205-46FB-89DD-1DC66A53DB4F} = {C6B2A22D-7530-446A-994B-EFD000D008C0}
		{60D04C6F-C6AD-453C-A267-B05592A8D23B} = {C6B2A22D-7530-446A-994B-EFD000D008C0}
		{642A8B34-EE45-4F53-9C0F-9A53B1A8A284} = {C6B2A22D-7530-446A-994B-EFD000D008C0}
		{4B640BDC-C49C-4B1B-BC00-8AB45A2475BB} = {C6B2A22D-7530-446A-994B-EFD000D008C0}
		{1023341E-D949-48A4-8F06-1EEBEDAA310A} = {C6B2A22D-7530-446A-994B-EFD000D008C0}
		{3449AB90-1CFF-48A1-9834-7ED3E7AE148B} = {C6B2A22D-7530-446A-994B-EFD000D008C0}
		{B8A2C3E5-BB9F-4EA7-B36B-C746F92C32E1} = {C6B2A22D-7530-446A-994B-EFD000D008C0}
		{63D6BFBA-F271-4BD5-AB3E-A1144CE96DF4} = {C6B2A22D-7530-446A-994B-EFD000D008C0}
		{05273724-0351-45BE-AEDA-0507EA2490FC} = {C6B2A22D-7530-446A-994B-EFD000D008C0}
		{8B8D84EE-1B85-4CCB-89B9-8CCC640DEB01} = {16B4C99E-8811-4F4D-806E-A0583BB3644B}
		{2630C390-5B8D-4201-8661-354C99D77C6D} = {16B4C99E-8811-4F4D-806E-A0583BB3644B}
		{1BD24447-222B-4C78-B2EB-AB7152E6CB89} = {16B4C99E-8811-4F4D-806E-A0583BB3644B}
		{A8AFA389-8A7D-4237-9E61-88AA3F7E7613} = {16B4C99E-8811-4F4D-806E-A0583BB3644B}
	EndGlobalSection
	GlobalSection(ExtensibilityGlobals) = postSolution
		SolutionGuid = {E5FB8B07-E4CD-46AF-9938-C0C2351FE52D}
	EndGlobalSection
EndGlobal
